
Microsoft Visual Studio Solution File, Format Version 12.00
# Visual Studio 15
VisualStudioVersion = 15.0.26124.0
MinimumVisualStudioVersion = 15.0.26124.0
Project("{F2A71F9B-5D33-465A-A702-920D77279786}") = "FSharp.UMX", "src\FSharp.UMX.fsproj", "{194B07ED-714F-48CD-A1E3-E09862D58F60}"
EndProject
Project("{F2A71F9B-5D33-465A-A702-920D77279786}") = "FSharp.UMX.Tests", "tests\FSharp.UMX.Tests.fsproj", "{431B9BEF-AC69-43FF-8CB8-7900E8E0FB83}"
EndProject
Global
	GlobalSection(SolutionConfigurationPlatforms) = preSolution
		Debug|Any CPU = Debug|Any CPU
		Debug|x64 = Debug|x64
		Debug|x86 = Debug|x86
		Release|Any CPU = Release|Any CPU
		Release|x64 = Release|x64
		Release|x86 = Release|x86
	EndGlobalSection
	GlobalSection(SolutionProperties) = preSolution
		HideSolutionNode = FALSE
	EndGlobalSection
	GlobalSection(ProjectConfigurationPlatforms) = postSolution
		{194B07ED-714F-48CD-A1E3-E09862D58F60}.Debug|Any CPU.ActiveCfg = Debug|Any CPU
		{194B07ED-714F-48CD-A1E3-E09862D58F60}.Debug|Any CPU.Build.0 = Debug|Any CPU
		{194B07ED-714F-48CD-A1E3-E09862D58F60}.Debug|x64.ActiveCfg = Debug|Any CPU
		{194B07ED-714F-48CD-A1E3-E09862D58F60}.Debug|x64.Build.0 = Debug|Any CPU
		{194B07ED-714F-48CD-A1E3-E09862D58F60}.Debug|x86.ActiveCfg = Debug|Any CPU
		{194B07ED-714F-48CD-A1E3-E09862D58F60}.Debug|x86.Build.0 = Debug|Any CPU
		{194B07ED-714F-48CD-A1E3-E09862D58F60}.Release|Any CPU.ActiveCfg = Release|Any CPU
		{194B07ED-714F-48CD-A1E3-E09862D58F60}.Release|Any CPU.Build.0 = Release|Any CPU
		{194B07ED-714F-48CD-A1E3-E09862D58F60}.Release|x64.ActiveCfg = Release|Any CPU
		{194B07ED-714F-48CD-A1E3-E09862D58F60}.Release|x64.Build.0 = Release|Any CPU
		{194B07ED-714F-48CD-A1E3-E09862D58F60}.Release|x86.ActiveCfg = Release|Any CPU
		{194B07ED-714F-48CD-A1E3-E09862D58F60}.Release|x86.Build.0 = Release|Any CPU
		{431B9BEF-AC69-43FF-8CB8-7900E8E0FB83}.Debug|Any CPU.ActiveCfg = Debug|Any CPU
		{431B9BEF-AC69-43FF-8CB8-7900E8E0FB83}.Debug|Any CPU.Build.0 = Debug|Any CPU
		{431B9BEF-AC69-43FF-8CB8-7900E8E0FB83}.Debug|x64.ActiveCfg = Debug|Any CPU
		{431B9BEF-AC69-43FF-8CB8-7900E8E0FB83}.Debug|x64.Build.0 = Debug|Any CPU
		{431B9BEF-AC69-43FF-8CB8-7900E8E0FB83}.Debug|x86.ActiveCfg = Debug|Any CPU
		{431B9BEF-AC69-43FF-8CB8-7900E8E0FB83}.Debug|x86.Build.0 = Debug|Any CPU
		{431B9BEF-AC69-43FF-8CB8-7900E8E0FB83}.Release|Any CPU.ActiveCfg = Release|Any CPU
		{431B9BEF-AC69-43FF-8CB8-7900E8E0FB83}.Release|Any CPU.Build.0 = Release|Any CPU
		{431B9BEF-AC69-43FF-8CB8-7900E8E0FB83}.Release|x64.ActiveCfg = Release|Any CPU
		{431B9BEF-AC69-43FF-8CB8-7900E8E0FB83}.Release|x64.Build.0 = Release|Any CPU
		{431B9BEF-AC69-43FF-8CB8-7900E8E0FB83}.Release|x86.ActiveCfg = Release|Any CPU
		{431B9BEF-AC69-43FF-8CB8-7900E8E0FB83}.Release|x86.Build.0 = Release|Any CPU
	EndGlobalSection
EndGlobal
